
Microsoft Visual Studio Solution File, Format Version 12.00
# Visual Studio 15
Project("{FAE04EC0-301F-11D3-BF4B-00C04F79EFBC}") = "Assembly-CSharp", "Assembly-CSharp.csproj", "{BAFCC2EC-43B2-94F2-263B-5ED61972CF2B}"
EndProject
Project("{FAE04EC0-301F-11D3-BF4B-00C04F79EFBC}") = "Assembly-CSharp", "Assembly-CSharp.Player.csproj", "{A49FEC66-C665-B058-0773-8E21D96BCF38}"
EndProject
Global
	GlobalSection(SolutionConfigurationPlatforms) = preSolution
		Debug|Any CPU = Debug|Any CPU
		Release|Any CPU = Release|Any CPU
	EndGlobalSection
	GlobalSection(ProjectConfigurationPlatforms) = postSolution
		{BAFCC2EC-43B2-94F2-263B-5ED61972CF2B}.Debug|Any CPU.ActiveCfg = Debug|Any CPU
		{BAFCC2EC-43B2-94F2-263B-5ED61972CF2B}.Debug|Any CPU.Build.0 = Debug|Any CPU
		{BAFCC2EC-43B2-94F2-263B-5ED61972CF2B}.Release|Any CPU.ActiveCfg = Release|Any CPU
		{BAFCC2EC-43B2-94F2-263B-5ED61972CF2B}.Release|Any CPU.Build.0 = Release|Any CPU
		{A49FEC66-C665-B058-0773-8E21D96BCF38}.Debug|Any CPU.ActiveCfg = Debug|Any CPU
		{A49FEC66-C665-B058-0773-8E21D96BCF38}.Debug|Any CPU.Build.0 = Debug|Any CPU
		{A49FEC66-C665-B058-0773-8E21D96BCF38}.Release|Any CPU.ActiveCfg = Release|Any CPU
		{A49FEC66-C665-B058-0773-8E21D96BCF38}.Release|Any CPU.Build.0 = Release|Any CPU
	EndGlobalSection
	GlobalSection(SolutionProperties) = preSolution
		HideSolutionNode = FALSE
	EndGlobalSection
EndGlobal
